
Microsoft Visual Studio Solution File, Format Version 10.00
# Visual Studio 2008
Project("{8BC9CEB8-8B4A-11D0-8D11-00A0C91BC942}") = "gmp2map", "gmp2map\gmp2map.vcproj", "{6A48C8F7-61B9-475A-8A25-74B551DC1629}"
EndProject
Project("{8BC9CEB8-8B4A-11D0-8D11-00A0C91BC942}") = "sdt2wav", "sdt2wav\sdt2wav.vcproj", "{F71066B3-1974-4F00-8A31-0680ACDD021D}"
EndProject
Project("{8BC9CEB8-8B4A-11D0-8D11-00A0C91BC942}") = "sty2tex", "sty2tex\sty2tex.vcproj", "{A270FFA1-59CD-4F80-9B77-58322D94FA68}"
EndProject
Project("{8BC9CEB8-8B4A-11D0-8D11-00A0C91BC942}") = "txt2chunked", "txt2chunked\txt2chunked.vcproj", "{833ABA71-8353-448B-91D1-932FCCE38680}"
EndProject
Project("{8BC9CEB8-8B4A-11D0-8D11-00A0C91BC942}") = "chunkmerge", "chunkmerge\chunkmerge.vcproj", "{62FCF23A-66A2-43EF-BADA-A371523BEF57}"
EndProject
Project("{8BC9CEB8-8B4A-11D0-8D11-00A0C91BC942}") = "genfont", "genfont\genfont.vcproj", "{1C1054FA-B7F2-4FDB-9816-0C3D8FAA44BE}"
EndProject
Global
	GlobalSection(SolutionConfigurationPlatforms) = preSolution
		Debug|Win32 = Debug|Win32
		Release|Win32 = Release|Win32
	EndGlobalSection
	GlobalSection(ProjectConfigurationPlatforms) = postSolution
		{6A48C8F7-61B9-475A-8A25-74B551DC1629}.Debug|Win32.ActiveCfg = Debug|Win32
		{6A48C8F7-61B9-475A-8A25-74B551DC1629}.Debug|Win32.Build.0 = Debug|Win32
		{6A48C8F7-61B9-475A-8A25-74B551DC1629}.Release|Win32.ActiveCfg = Release|Win32
		{6A48C8F7-61B9-475A-8A25-74B551DC1629}.Release|Win32.Build.0 = Release|Win32
		{F71066B3-1974-4F00-8A31-0680ACDD021D}.Debug|Win32.ActiveCfg = Debug|Win32
		{F71066B3-1974-4F00-8A31-0680ACDD021D}.Debug|Win32.Build.0 = Debug|Win32
		{F71066B3-1974-4F00-8A31-0680ACDD021D}.Release|Win32.ActiveCfg = Release|Win32
		{F71066B3-1974-4F00-8A31-0680ACDD021D}.Release|Win32.Build.0 = Release|Win32
		{A270FFA1-59CD-4F80-9B77-58322D94FA68}.Debug|Win32.ActiveCfg = Debug|Win32
		{A270FFA1-59CD-4F80-9B77-58322D94FA68}.Debug|Win32.Build.0 = Debug|Win32
		{A270FFA1-59CD-4F80-9B77-58322D94FA68}.Release|Win32.ActiveCfg = Release|Win32
		{A270FFA1-59CD-4F80-9B77-58322D94FA68}.Release|Win32.Build.0 = Release|Win32
		{833ABA71-8353-448B-91D1-932FCCE38680}.Debug|Win32.ActiveCfg = Debug|Win32
		{833ABA71-8353-448B-91D1-932FCCE38680}.Debug|Win32.Build.0 = Debug|Win32
		{833ABA71-8353-448B-91D1-932FCCE38680}.Release|Win32.ActiveCfg = Release|Win32
		{833ABA71-8353-448B-91D1-932FCCE38680}.Release|Win32.Build.0 = Release|Win32
		{62FCF23A-66A2-43EF-BADA-A371523BEF57}.Debug|Win32.ActiveCfg = Debug|Win32
		{62FCF23A-66A2-43EF-BADA-A371523BEF57}.Debug|Win32.Build.0 = Debug|Win32
		{62FCF23A-66A2-43EF-BADA-A371523BEF57}.Release|Win32.ActiveCfg = Release|Win32
		{62FCF23A-66A2-43EF-BADA-A371523BEF57}.Release|Win32.Build.0 = Release|Win32
		{1C1054FA-B7F2-4FDB-9816-0C3D8FAA44BE}.Debug|Win32.ActiveCfg = Debug|Win32
		{1C1054FA-B7F2-4FDB-9816-0C3D8FAA44BE}.Debug|Win32.Build.0 = Debug|Win32
		{1C1054FA-B7F2-4FDB-9816-0C3D8FAA44BE}.Release|Win32.ActiveCfg = Release|Win32
		{1C1054FA-B7F2-4FDB-9816-0C3D8FAA44BE}.Release|Win32.Build.0 = Release|Win32
	EndGlobalSection
	GlobalSection(SolutionProperties) = preSolution
		HideSolutionNode = FALSE
	EndGlobalSection
EndGlobal
